
Microsoft Visual Studio Solution File, Format Version 12.00
# Visual Studio 2012
Project("{FAE04EC0-301F-11D3-BF4B-00C04F79EFBC}") = "CrudBasicoXamarinForms", "TesteApp\CrudBasicoXamarinForms.csproj", "{1C27AB40-E728-42B4-AD6A-2B608532853B}"
EndProject
Project("{FAE04EC0-301F-11D3-BF4B-00C04F79EFBC}") = "CrudBasicoXamarinForms.iOS", "iOS\CrudBasicoXamarinForms.iOS.csproj", "{7E55260B-71C9-4BB9-9E94-81A0AB85EE87}"
EndProject
Project("{FAE04EC0-301F-11D3-BF4B-00C04F79EFBC}") = "CrudBasicoXamarinForms.Droid", "Droid\CrudBasicoXamarinForms.Droid.csproj", "{2F45D230-101C-4140-A25C-54AB50C13BEB}"
EndProject
Global
	GlobalSection(SolutionConfigurationPlatforms) = preSolution
		Debug|Any CPU = Debug|Any CPU
		Release|Any CPU = Release|Any CPU
		Debug|iPhoneSimulator = Debug|iPhoneSimulator
		Release|iPhone = Release|iPhone
		Release|iPhoneSimulator = Release|iPhoneSimulator
		Debug|iPhone = Debug|iPhone
	EndGlobalSection
	GlobalSection(ProjectConfigurationPlatforms) = postSolution
		{1C27AB40-E728-42B4-AD6A-2B608532853B}.Debug|Any CPU.ActiveCfg = Debug|Any CPU
		{1C27AB40-E728-42B4-AD6A-2B608532853B}.Debug|Any CPU.Build.0 = Debug|Any CPU
		{1C27AB40-E728-42B4-AD6A-2B608532853B}.Release|Any CPU.ActiveCfg = Release|Any CPU
		{1C27AB40-E728-42B4-AD6A-2B608532853B}.Release|Any CPU.Build.0 = Release|Any CPU
		{1C27AB40-E728-42B4-AD6A-2B608532853B}.Debug|iPhoneSimulator.ActiveCfg = Debug|Any CPU
		{1C27AB40-E728-42B4-AD6A-2B608532853B}.Debug|iPhoneSimulator.Build.0 = Debug|Any CPU
		{1C27AB40-E728-42B4-AD6A-2B608532853B}.Release|iPhone.ActiveCfg = Release|Any CPU
		{1C27AB40-E728-42B4-AD6A-2B608532853B}.Release|iPhone.Build.0 = Release|Any CPU
		{1C27AB40-E728-42B4-AD6A-2B608532853B}.Release|iPhoneSimulator.ActiveCfg = Release|Any CPU
		{1C27AB40-E728-42B4-AD6A-2B608532853B}.Release|iPhoneSimulator.Build.0 = Release|Any CPU
		{1C27AB40-E728-42B4-AD6A-2B608532853B}.Debug|iPhone.ActiveCfg = Debug|Any CPU
		{1C27AB40-E728-42B4-AD6A-2B608532853B}.Debug|iPhone.Build.0 = Debug|Any CPU
		{7E55260B-71C9-4BB9-9E94-81A0AB85EE87}.Debug|Any CPU.ActiveCfg = Debug|iPhoneSimulator
		{7E55260B-71C9-4BB9-9E94-81A0AB85EE87}.Debug|Any CPU.Build.0 = Debug|iPhoneSimulator
		{7E55260B-71C9-4BB9-9E94-81A0AB85EE87}.Release|Any CPU.ActiveCfg = Release|iPhone
		{7E55260B-71C9-4BB9-9E94-81A0AB85EE87}.Release|Any CPU.Build.0 = Release|iPhone
		{7E55260B-71C9-4BB9-9E94-81A0AB85EE87}.Debug|iPhoneSimulator.ActiveCfg = Debug|iPhoneSimulator
		{7E55260B-71C9-4BB9-9E94-81A0AB85EE87}.Debug|iPhoneSimulator.Build.0 = Debug|iPhoneSimulator
		{7E55260B-71C9-4BB9-9E94-81A0AB85EE87}.Release|iPhone.ActiveCfg = Release|iPhone
		{7E55260B-71C9-4BB9-9E94-81A0AB85EE87}.Release|iPhone.Build.0 = Release|iPhone
		{7E55260B-71C9-4BB9-9E94-81A0AB85EE87}.Release|iPhoneSimulator.ActiveCfg = Release|iPhoneSimulator
		{7E55260B-71C9-4BB9-9E94-81A0AB85EE87}.Release|iPhoneSimulator.Build.0 = Release|iPhoneSimulator
		{7E55260B-71C9-4BB9-9E94-81A0AB85EE87}.Debug|iPhone.ActiveCfg = Debug|iPhone
		{7E55260B-71C9-4BB9-9E94-81A0AB85EE87}.Debug|iPhone.Build.0 = Debug|iPhone
		{2F45D230-101C-4140-A25C-54AB50C13BEB}.Debug|Any CPU.ActiveCfg = Debug|Any CPU
		{2F45D230-101C-4140-A25C-54AB50C13BEB}.Debug|Any CPU.Build.0 = Debug|Any CPU
		{2F45D230-101C-4140-A25C-54AB50C13BEB}.Release|Any CPU.ActiveCfg = Release|Any CPU
		{2F45D230-101C-4140-A25C-54AB50C13BEB}.Release|Any CPU.Build.0 = Release|Any CPU
		{2F45D230-101C-4140-A25C-54AB50C13BEB}.Debug|iPhoneSimulator.ActiveCfg = Debug|Any CPU
		{2F45D230-101C-4140-A25C-54AB50C13BEB}.Debug|iPhoneSimulator.Build.0 = Debug|Any CPU
		{2F45D230-101C-4140-A25C-54AB50C13BEB}.Release|iPhone.ActiveCfg = Release|Any CPU
		{2F45D230-101C-4140-A25C-54AB50C13BEB}.Release|iPhone.Build.0 = Release|Any CPU
		{2F45D230-101C-4140-A25C-54AB50C13BEB}.Release|iPhoneSimulator.ActiveCfg = Release|Any CPU
		{2F45D230-101C-4140-A25C-54AB50C13BEB}.Release|iPhoneSimulator.Build.0 = Release|Any CPU
		{2F45D230-101C-4140-A25C-54AB50C13BEB}.Debug|iPhone.ActiveCfg = Debug|Any CPU
		{2F45D230-101C-4140-A25C-54AB50C13BEB}.Debug|iPhone.Build.0 = Debug|Any CPU
	EndGlobalSection
EndGlobal
